// !$*UTF8*$!
{
	archiveVersion = 1;
	classes = {
	};
	objectVersion = 46;
	objects = {

/* Begin PBXBuildFile section */
		5E307E8C1F6E7258000CD620 /* main.m in Sources */ = {isa = PBXBuildFile; fileRef = 5E307E8B1F6E7258000CD620 /* main.m */; };
		5E307E8F1F6E7258000CD620 /* AppDelegate.m in Sources */ = {isa = PBXBuildFile; fileRef = 5E307E8E1F6E7258000CD620 /* AppDelegate.m */; };
		5E307E9A1F6E7258000CD620 /* LaunchScreen.storyboard in Resources */ = {isa = PBXBuildFile; fileRef = 5E307E981F6E7258000CD620 /* LaunchScreen.storyboard */; };
		5E307EB21F6E763E000CD620 /* Assets.xcassets in Resources */ = {isa = PBXBuildFile; fileRef = 5E307EA21F6E763E000CD620 /* Assets.xcassets */; };
		5E307EB31F6E763E000CD620 /* UINib+SAPExtensions.m in Sources */ = {isa = PBXBuildFile; fileRef = 5E307EA91F6E763E000CD620 /* UINib+SAPExtensions.m */; };
		5E307EB41F6E763E000CD620 /* UITableView+SAPExtensions.m in Sources */ = {isa = PBXBuildFile; fileRef = 5E307EAC1F6E763E000CD620 /* UITableView+SAPExtensions.m */; };
		5E307EB51F6E763E000CD620 /* UIWindow+SAPExtensions.m in Sources */ = {isa = PBXBuildFile; fileRef = 5E307EAF1F6E763E000CD620 /* UIWindow+SAPExtensions.m */; };
		5E307EBF1F6E7868000CD620 /* SAPLoginViewController.m in Sources */ = {isa = PBXBuildFile; fileRef = 5E307EBD1F6E7868000CD620 /* SAPLoginViewController.m */; };
		5E307EC01F6E7868000CD620 /* SAPLoginViewController.xib in Resources */ = {isa = PBXBuildFile; fileRef = 5E307EBE1F6E7868000CD620 /* SAPLoginViewController.xib */; };
		5E307EC51F6E7A43000CD620 /* SAPTableViewCell.m in Sources */ = {isa = PBXBuildFile; fileRef = 5E307EC41F6E7A43000CD620 /* SAPTableViewCell.m */; };
		5E307ECE1F6E8A2C000CD620 /* UIView+IBDesignable.m in Sources */ = {isa = PBXBuildFile; fileRef = 5E307ECD1F6E8A2C000CD620 /* UIView+IBDesignable.m */; };
		5E307ED71F6E8D82000CD620 /* SAPLoginContext.m in Sources */ = {isa = PBXBuildFile; fileRef = 5E307ED61F6E8D82000CD620 /* SAPLoginContext.m */; };
		5E307EDB1F6E8DE7000CD620 /* SAPNetworkManager.m in Sources */ = {isa = PBXBuildFile; fileRef = 5E307EDA1F6E8DE7000CD620 /* SAPNetworkManager.m */; };
		5E307EE01F6E922F000CD620 /* SAPNetworkContext.m in Sources */ = {isa = PBXBuildFile; fileRef = 5E307EDF1F6E922F000CD620 /* SAPNetworkContext.m */; };
		5E307EE41F6E9AD7000CD620 /* SAPDataTaskContext.m in Sources */ = {isa = PBXBuildFile; fileRef = 5E307EE31F6E9AD7000CD620 /* SAPDataTaskContext.m */; };
		5E307EE91F6E9F01000CD620 /* SAPDispatch.m in Sources */ = {isa = PBXBuildFile; fileRef = 5E307EE81F6E9F01000CD620 /* SAPDispatch.m */; };
		5E307F251F6EDE8E000CD620 /* SAPGameWorld.m in Sources */ = {isa = PBXBuildFile; fileRef = 5E307F241F6EDE8E000CD620 /* SAPGameWorld.m */; };
		5E307F551F6EE3EE000CD620 /* Info.plist in Resources */ = {isa = PBXBuildFile; fileRef = 5E307F3F1F6EE3EE000CD620 /* Info.plist */; };
		5E307F561F6EE3EE000CD620 /* JSONModel.m in Sources */ = {isa = PBXBuildFile; fileRef = 5E307F421F6EE3EE000CD620 /* JSONModel.m */; };
		5E307F571F6EE3EE000CD620 /* JSONModelClassProperty.m in Sources */ = {isa = PBXBuildFile; fileRef = 5E307F441F6EE3EE000CD620 /* JSONModelClassProperty.m */; };
		5E307F581F6EE3EE000CD620 /* JSONModelError.m in Sources */ = {isa = PBXBuildFile; fileRef = 5E307F461F6EE3EE000CD620 /* JSONModelError.m */; };
		5E307F591F6EE3EE000CD620 /* JSONAPI.m in Sources */ = {isa = PBXBuildFile; fileRef = 5E307F4B1F6EE3EE000CD620 /* JSONAPI.m */; };
		5E307F5A1F6EE3EE000CD620 /* JSONHTTPClient.m in Sources */ = {isa = PBXBuildFile; fileRef = 5E307F4D1F6EE3EE000CD620 /* JSONHTTPClient.m */; };
		5E307F5B1F6EE3EE000CD620 /* JSONModel+networking.m in Sources */ = {isa = PBXBuildFile; fileRef = 5E307F4F1F6EE3EE000CD620 /* JSONModel+networking.m */; };
		5E307F5C1F6EE3EE000CD620 /* JSONKeyMapper.m in Sources */ = {isa = PBXBuildFile; fileRef = 5E307F521F6EE3EE000CD620 /* JSONKeyMapper.m */; };
		5E307F5D1F6EE3EE000CD620 /* JSONValueTransformer.m in Sources */ = {isa = PBXBuildFile; fileRef = 5E307F541F6EE3EE000CD620 /* JSONValueTransformer.m */; };
		5E435F5F1F6EFC91000DEB70 /* SAPWorldStatus.m in Sources */ = {isa = PBXBuildFile; fileRef = 5E435F5E1F6EFC91000DEB70 /* SAPWorldStatus.m */; };
		5E435F641F6F9497000DEB70 /* SAPActivityIndicator.m in Sources */ = {isa = PBXBuildFile; fileRef = 5E435F621F6F9497000DEB70 /* SAPActivityIndicator.m */; };
		5E435F651F6F9497000DEB70 /* SAPActivityIndicator.xib in Resources */ = {isa = PBXBuildFile; fileRef = 5E435F631F6F9497000DEB70 /* SAPActivityIndicator.xib */; };
		5E435F6F1F6F9C1F000DEB70 /* UIAlertAction+SAPExtensions.m in Sources */ = {isa = PBXBuildFile; fileRef = 5E435F6B1F6F9C1F000DEB70 /* UIAlertAction+SAPExtensions.m */; };
		5E435F701F6F9C1F000DEB70 /* UIAlertController+SAPExtensions.m in Sources */ = {isa = PBXBuildFile; fileRef = 5E435F6E1F6F9C1F000DEB70 /* UIAlertController+SAPExtensions.m */; };
		5E435F741F6FA260000DEB70 /* SAPLoginView.m in Sources */ = {isa = PBXBuildFile; fileRef = 5E435F731F6FA260000DEB70 /* SAPLoginView.m */; };
/* End PBXBuildFile section */

/* Begin PBXFileReference section */
		5E307E871F6E7258000CD620 /* LoginGameWorldsTest.app */ = {isa = PBXFileReference; explicitFileType = wrapper.application; includeInIndex = 0; path = LoginGameWorldsTest.app; sourceTree = BUILT_PRODUCTS_DIR; };
		5E307E8B1F6E7258000CD620 /* main.m */ = {isa = PBXFileReference; lastKnownFileType = sourcecode.c.objc; path = main.m; sourceTree = "<group>"; };
		5E307E8D1F6E7258000CD620 /* AppDelegate.h */ = {isa = PBXFileReference; lastKnownFileType = sourcecode.c.h; path = AppDelegate.h; sourceTree = "<group>"; };
		5E307E8E1F6E7258000CD620 /* AppDelegate.m */ = {isa = PBXFileReference; lastKnownFileType = sourcecode.c.objc; path = AppDelegate.m; sourceTree = "<group>"; };
		5E307E991F6E7258000CD620 /* Base */ = {isa = PBXFileReference; lastKnownFileType = file.storyboard; name = Base; path = Base.lproj/LaunchScreen.storyboard; sourceTree = "<group>"; };
		5E307E9B1F6E7258000CD620 /* Info.plist */ = {isa = PBXFileReference; lastKnownFileType = text.plist.xml; path = Info.plist; sourceTree = "<group>"; };
		5E307EA21F6E763E000CD620 /* Assets.xcassets */ = {isa = PBXFileReference; lastKnownFileType = folder.assetcatalog; path = Assets.xcassets; sourceTree = "<group>"; };
		5E307EA81F6E763E000CD620 /* UINib+SAPExtensions.h */ = {isa = PBXFileReference; fileEncoding = 4; lastKnownFileType = sourcecode.c.h; path = "UINib+SAPExtensions.h"; sourceTree = "<group>"; };
		5E307EA91F6E763E000CD620 /* UINib+SAPExtensions.m */ = {isa = PBXFileReference; fileEncoding = 4; lastKnownFileType = sourcecode.c.objc; path = "UINib+SAPExtensions.m"; sourceTree = "<group>"; };
		5E307EAB1F6E763E000CD620 /* UITableView+SAPExtensions.h */ = {isa = PBXFileReference; fileEncoding = 4; lastKnownFileType = sourcecode.c.h; path = "UITableView+SAPExtensions.h"; sourceTree = "<group>"; };
		5E307EAC1F6E763E000CD620 /* UITableView+SAPExtensions.m */ = {isa = PBXFileReference; fileEncoding = 4; lastKnownFileType = sourcecode.c.objc; path = "UITableView+SAPExtensions.m"; sourceTree = "<group>"; };
		5E307EAE1F6E763E000CD620 /* UIWindow+SAPExtensions.h */ = {isa = PBXFileReference; fileEncoding = 4; lastKnownFileType = sourcecode.c.h; path = "UIWindow+SAPExtensions.h"; sourceTree = "<group>"; };
		5E307EAF1F6E763E000CD620 /* UIWindow+SAPExtensions.m */ = {isa = PBXFileReference; fileEncoding = 4; lastKnownFileType = sourcecode.c.objc; path = "UIWindow+SAPExtensions.m"; sourceTree = "<group>"; };
		5E307EBC1F6E7868000CD620 /* SAPLoginViewController.h */ = {isa = PBXFileReference; fileEncoding = 4; lastKnownFileType = sourcecode.c.h; path = SAPLoginViewController.h; sourceTree = "<group>"; };
		5E307EBD1F6E7868000CD620 /* SAPLoginViewController.m */ = {isa = PBXFileReference; fileEncoding = 4; lastKnownFileType = sourcecode.c.objc; path = SAPLoginViewController.m; sourceTree = "<group>"; };
		5E307EBE1F6E7868000CD620 /* SAPLoginViewController.xib */ = {isa = PBXFileReference; fileEncoding = 4; lastKnownFileType = file.xib; path = SAPLoginViewController.xib; sourceTree = "<group>"; };
		5E307EC31F6E7A43000CD620 /* SAPTableViewCell.h */ = {isa = PBXFileReference; fileEncoding = 4; lastKnownFileType = sourcecode.c.h; path = SAPTableViewCell.h; sourceTree = "<group>"; };
		5E307EC41F6E7A43000CD620 /* SAPTableViewCell.m */ = {isa = PBXFileReference; fileEncoding = 4; lastKnownFileType = sourcecode.c.objc; path = SAPTableViewCell.m; sourceTree = "<group>"; };
		5E307ECC1F6E8A2C000CD620 /* UIView+IBDesignable.h */ = {isa = PBXFileReference; fileEncoding = 4; lastKnownFileType = sourcecode.c.h; path = "UIView+IBDesignable.h"; sourceTree = "<group>"; };
		5E307ECD1F6E8A2C000CD620 /* UIView+IBDesignable.m */ = {isa = PBXFileReference; fileEncoding = 4; lastKnownFileType = sourcecode.c.objc; path = "UIView+IBDesignable.m"; sourceTree = "<group>"; };
		5E307ED51F6E8D82000CD620 /* SAPLoginContext.h */ = {isa = PBXFileReference; fileEncoding = 4; lastKnownFileType = sourcecode.c.h; path = SAPLoginContext.h; sourceTree = "<group>"; };
		5E307ED61F6E8D82000CD620 /* SAPLoginContext.m */ = {isa = PBXFileReference; fileEncoding = 4; lastKnownFileType = sourcecode.c.objc; path = SAPLoginContext.m; sourceTree = "<group>"; };
		5E307ED91F6E8DE7000CD620 /* SAPNetworkManager.h */ = {isa = PBXFileReference; fileEncoding = 4; lastKnownFileType = sourcecode.c.h; path = SAPNetworkManager.h; sourceTree = "<group>"; };
		5E307EDA1F6E8DE7000CD620 /* SAPNetworkManager.m */ = {isa = PBXFileReference; fileEncoding = 4; lastKnownFileType = sourcecode.c.objc; path = SAPNetworkManager.m; sourceTree = "<group>"; };
		5E307EDC1F6E91F2000CD620 /* SAPContext.h */ = {isa = PBXFileReference; fileEncoding = 4; lastKnownFileType = sourcecode.c.h; path = SAPContext.h; sourceTree = "<group>"; };
		5E307EDE1F6E922F000CD620 /* SAPNetworkContext.h */ = {isa = PBXFileReference; fileEncoding = 4; lastKnownFileType = sourcecode.c.h; path = SAPNetworkContext.h; sourceTree = "<group>"; };
		5E307EDF1F6E922F000CD620 /* SAPNetworkContext.m */ = {isa = PBXFileReference; fileEncoding = 4; lastKnownFileType = sourcecode.c.objc; path = SAPNetworkContext.m; sourceTree = "<group>"; };
		5E307EE21F6E9AD7000CD620 /* SAPDataTaskContext.h */ = {isa = PBXFileReference; fileEncoding = 4; lastKnownFileType = sourcecode.c.h; path = SAPDataTaskContext.h; sourceTree = "<group>"; };
		5E307EE31F6E9AD7000CD620 /* SAPDataTaskContext.m */ = {isa = PBXFileReference; fileEncoding = 4; lastKnownFileType = sourcecode.c.objc; path = SAPDataTaskContext.m; sourceTree = "<group>"; };
		5E307EE71F6E9F01000CD620 /* SAPDispatch.h */ = {isa = PBXFileReference; fileEncoding = 4; lastKnownFileType = sourcecode.c.h; path = SAPDispatch.h; sourceTree = "<group>"; };
		5E307EE81F6E9F01000CD620 /* SAPDispatch.m */ = {isa = PBXFileReference; fileEncoding = 4; lastKnownFileType = sourcecode.c.objc; path = SAPDispatch.m; sourceTree = "<group>"; };
		5E307F231F6EDE8E000CD620 /* SAPGameWorld.h */ = {isa = PBXFileReference; fileEncoding = 4; lastKnownFileType = sourcecode.c.h; path = SAPGameWorld.h; sourceTree = "<group>"; };
		5E307F241F6EDE8E000CD620 /* SAPGameWorld.m */ = {isa = PBXFileReference; fileEncoding = 4; lastKnownFileType = sourcecode.c.objc; path = SAPGameWorld.m; sourceTree = "<group>"; };
		5E307F3F1F6EE3EE000CD620 /* Info.plist */ = {isa = PBXFileReference; fileEncoding = 4; lastKnownFileType = text.plist.xml; path = Info.plist; sourceTree = "<group>"; };
		5E307F411F6EE3EE000CD620 /* JSONModel.h */ = {isa = PBXFileReference; fileEncoding = 4; lastKnownFileType = sourcecode.c.h; path = JSONModel.h; sourceTree = "<group>"; };
		5E307F421F6EE3EE000CD620 /* JSONModel.m */ = {isa = PBXFileReference; fileEncoding = 4; lastKnownFileType = sourcecode.c.objc; path = JSONModel.m; sourceTree = "<group>"; };
		5E307F431F6EE3EE000CD620 /* JSONModelClassProperty.h */ = {isa = PBXFileReference; fileEncoding = 4; lastKnownFileType = sourcecode.c.h; path = JSONModelClassProperty.h; sourceTree = "<group>"; };
		5E307F441F6EE3EE000CD620 /* JSONModelClassProperty.m */ = {isa = PBXFileReference; fileEncoding = 4; lastKnownFileType = sourcecode.c.objc; path = JSONModelClassProperty.m; sourceTree = "<group>"; };
		5E307F451F6EE3EE000CD620 /* JSONModelError.h */ = {isa = PBXFileReference; fileEncoding = 4; lastKnownFileType = sourcecode.c.h; path = JSONModelError.h; sourceTree = "<group>"; };
		5E307F461F6EE3EE000CD620 /* JSONModelError.m */ = {isa = PBXFileReference; fileEncoding = 4; lastKnownFileType = sourcecode.c.objc; path = JSONModelError.m; sourceTree = "<group>"; };
		5E307F471F6EE3EE000CD620 /* JSONModel.modulemap */ = {isa = PBXFileReference; fileEncoding = 4; lastKnownFileType = "sourcecode.module-map"; path = JSONModel.modulemap; sourceTree = "<group>"; };
		5E307F481F6EE3EE000CD620 /* JSONModelLib.h */ = {isa = PBXFileReference; fileEncoding = 4; lastKnownFileType = sourcecode.c.h; path = JSONModelLib.h; sourceTree = "<group>"; };
		5E307F4A1F6EE3EE000CD620 /* JSONAPI.h */ = {isa = PBXFileReference; fileEncoding = 4; lastKnownFileType = sourcecode.c.h; path = JSONAPI.h; sourceTree = "<group>"; };
		5E307F4B1F6EE3EE000CD620 /* JSONAPI.m */ = {isa = PBXFileReference; fileEncoding = 4; lastKnownFileType = sourcecode.c.objc; path = JSONAPI.m; sourceTree = "<group>"; };
		5E307F4C1F6EE3EE000CD620 /* JSONHTTPClient.h */ = {isa = PBXFileReference; fileEncoding = 4; lastKnownFileType = sourcecode.c.h; path = JSONHTTPClient.h; sourceTree = "<group>"; };
		5E307F4D1F6EE3EE000CD620 /* JSONHTTPClient.m */ = {isa = PBXFileReference; fileEncoding = 4; lastKnownFileType = sourcecode.c.objc; path = JSONHTTPClient.m; sourceTree = "<group>"; };
		5E307F4E1F6EE3EE000CD620 /* JSONModel+networking.h */ = {isa = PBXFileReference; fileEncoding = 4; lastKnownFileType = sourcecode.c.h; path = "JSONModel+networking.h"; sourceTree = "<group>"; };
		5E307F4F1F6EE3EE000CD620 /* JSONModel+networking.m */ = {isa = PBXFileReference; fileEncoding = 4; lastKnownFileType = sourcecode.c.objc; path = "JSONModel+networking.m"; sourceTree = "<group>"; };
		5E307F511F6EE3EE000CD620 /* JSONKeyMapper.h */ = {isa = PBXFileReference; fileEncoding = 4; lastKnownFileType = sourcecode.c.h; path = JSONKeyMapper.h; sourceTree = "<group>"; };
		5E307F521F6EE3EE000CD620 /* JSONKeyMapper.m */ = {isa = PBXFileReference; fileEncoding = 4; lastKnownFileType = sourcecode.c.objc; path = JSONKeyMapper.m; sourceTree = "<group>"; };
		5E307F531F6EE3EE000CD620 /* JSONValueTransformer.h */ = {isa = PBXFileReference; fileEncoding = 4; lastKnownFileType = sourcecode.c.h; path = JSONValueTransformer.h; sourceTree = "<group>"; };
		5E307F541F6EE3EE000CD620 /* JSONValueTransformer.m */ = {isa = PBXFileReference; fileEncoding = 4; lastKnownFileType = sourcecode.c.objc; path = JSONValueTransformer.m; sourceTree = "<group>"; };
		5E435F5D1F6EFC91000DEB70 /* SAPWorldStatus.h */ = {isa = PBXFileReference; fileEncoding = 4; lastKnownFileType = sourcecode.c.h; path = SAPWorldStatus.h; sourceTree = "<group>"; };
		5E435F5E1F6EFC91000DEB70 /* SAPWorldStatus.m */ = {isa = PBXFileReference; fileEncoding = 4; lastKnownFileType = sourcecode.c.objc; path = SAPWorldStatus.m; sourceTree = "<group>"; };
		5E435F611F6F9497000DEB70 /* SAPActivityIndicator.h */ = {isa = PBXFileReference; fileEncoding = 4; lastKnownFileType = sourcecode.c.h; path = SAPActivityIndicator.h; sourceTree = "<group>"; };
		5E435F621F6F9497000DEB70 /* SAPActivityIndicator.m */ = {isa = PBXFileReference; fileEncoding = 4; lastKnownFileType = sourcecode.c.objc; path = SAPActivityIndicator.m; sourceTree = "<group>"; };
		5E435F631F6F9497000DEB70 /* SAPActivityIndicator.xib */ = {isa = PBXFileReference; fileEncoding = 4; lastKnownFileType = file.xib; path = SAPActivityIndicator.xib; sourceTree = "<group>"; };
		5E435F671F6F954D000DEB70 /* SAPLoadingView.h */ = {isa = PBXFileReference; fileEncoding = 4; lastKnownFileType = sourcecode.c.h; path = SAPLoadingView.h; sourceTree = "<group>"; };
		5E435F6A1F6F9C1F000DEB70 /* UIAlertAction+SAPExtensions.h */ = {isa = PBXFileReference; fileEncoding = 4; lastKnownFileType = sourcecode.c.h; path = "UIAlertAction+SAPExtensions.h"; sourceTree = "<group>"; };
		5E435F6B1F6F9C1F000DEB70 /* UIAlertAction+SAPExtensions.m */ = {isa = PBXFileReference; fileEncoding = 4; lastKnownFileType = sourcecode.c.objc; path = "UIAlertAction+SAPExtensions.m"; sourceTree = "<group>"; };
		5E435F6D1F6F9C1F000DEB70 /* UIAlertController+SAPExtensions.h */ = {isa = PBXFileReference; fileEncoding = 4; lastKnownFileType = sourcecode.c.h; path = "UIAlertController+SAPExtensions.h"; sourceTree = "<group>"; };
		5E435F6E1F6F9C1F000DEB70 /* UIAlertController+SAPExtensions.m */ = {isa = PBXFileReference; fileEncoding = 4; lastKnownFileType = sourcecode.c.objc; path = "UIAlertController+SAPExtensions.m"; sourceTree = "<group>"; };
		5E435F721F6FA260000DEB70 /* SAPLoginView.h */ = {isa = PBXFileReference; fileEncoding = 4; lastKnownFileType = sourcecode.c.h; path = SAPLoginView.h; sourceTree = "<group>"; };
		5E435F731F6FA260000DEB70 /* SAPLoginView.m */ = {isa = PBXFileReference; fileEncoding = 4; lastKnownFileType = sourcecode.c.objc; path = SAPLoginView.m; sourceTree = "<group>"; };
		5E435F751F6FA297000DEB70 /* SAPView.h */ = {isa = PBXFileReference; fileEncoding = 4; lastKnownFileType = sourcecode.c.h; path = SAPView.h; sourceTree = "<group>"; };
		5E435F761F6FA2C7000DEB70 /* SAPViewWithLoadingView.h */ = {isa = PBXFileReference; fileEncoding = 4; lastKnownFileType = sourcecode.c.h; path = SAPViewWithLoadingView.h; sourceTree = "<group>"; };
		5E435F781F6FA874000DEB70 /* SAPViewControllerMacro.h */ = {isa = PBXFileReference; fileEncoding = 4; lastKnownFileType = sourcecode.c.h; path = SAPViewControllerMacro.h; sourceTree = "<group>"; };
/* End PBXFileReference section */

/* Begin PBXFrameworksBuildPhase section */
		5E307E841F6E7258000CD620 /* Frameworks */ = {
			isa = PBXFrameworksBuildPhase;
			buildActionMask = 2147483647;
			files = (
			);
			runOnlyForDeploymentPostprocessing = 0;
		};
/* End PBXFrameworksBuildPhase section */

/* Begin PBXGroup section */
		5E307E7E1F6E7258000CD620 = {
			isa = PBXGroup;
			children = (
				5E307E891F6E7258000CD620 /* LoginGameWorldsTest */,
				5E307EA31F6E763E000CD620 /* Source */,
				5E307EA11F6E763E000CD620 /* Resources */,
				5E307E881F6E7258000CD620 /* Products */,
			);
			sourceTree = "<group>";
		};
		5E307E881F6E7258000CD620 /* Products */ = {
			isa = PBXGroup;
			children = (
				5E307E871F6E7258000CD620 /* LoginGameWorldsTest.app */,
			);
			name = Products;
			sourceTree = "<group>";
		};
		5E307E891F6E7258000CD620 /* LoginGameWorldsTest */ = {
			isa = PBXGroup;
			children = (
				5E307E8D1F6E7258000CD620 /* AppDelegate.h */,
				5E307E8E1F6E7258000CD620 /* AppDelegate.m */,
				5E307E981F6E7258000CD620 /* LaunchScreen.storyboard */,
				5E307E9B1F6E7258000CD620 /* Info.plist */,
				5E307E8A1F6E7258000CD620 /* Supporting Files */,
			);
			path = LoginGameWorldsTest;
			sourceTree = "<group>";
		};
		5E307E8A1F6E7258000CD620 /* Supporting Files */ = {
			isa = PBXGroup;
			children = (
				5E307E8B1F6E7258000CD620 /* main.m */,
			);
			name = "Supporting Files";
			sourceTree = "<group>";
		};
		5E307EA11F6E763E000CD620 /* Resources */ = {
			isa = PBXGroup;
			children = (
				5E307EA21F6E763E000CD620 /* Assets.xcassets */,
			);
			path = Resources;
			sourceTree = "<group>";
		};
		5E307EA31F6E763E000CD620 /* Source */ = {
			isa = PBXGroup;
			children = (
				5E307EB11F6E763E000CD620 /* UI */,
				5E307EB01F6E763E000CD620 /* Models */,
				5E307EA41F6E763E000CD620 /* Context */,
				5E307ED41F6E8D56000CD620 /* Network */,
				5E307EA51F6E763E000CD620 /* Library */,
			);
			path = Source;
			sourceTree = "<group>";
		};
		5E307EA41F6E763E000CD620 /* Context */ = {
			isa = PBXGroup;
			children = (
				5E307EDD1F6E921D000CD620 /* SAPNetworkContext */,
				5E307ED31F6E8D21000CD620 /* SAPLoginContext */,
				5E307EDC1F6E91F2000CD620 /* SAPContext.h */,
			);
			path = Context;
			sourceTree = "<group>";
		};
		5E307EA51F6E763E000CD620 /* Library */ = {
			isa = PBXGroup;
			children = (
				5E307EE51F6E9F01000CD620 /* Functions */,
				5E307EA61F6E763E000CD620 /* Categories */,
				5E307EC11F6E7A43000CD620 /* Classes */,
				5E435F771F6FA874000DEB70 /* Macros */,
				5E307F3E1F6EE3EE000CD620 /* JSONModel */,
			);
			path = Library;
			sourceTree = "<group>";
		};
		5E307EA61F6E763E000CD620 /* Categories */ = {
			isa = PBXGroup;
			children = (
				5E435F691F6F9C1F000DEB70 /* UIAlertAction */,
				5E435F6C1F6F9C1F000DEB70 /* UIAlertController */,
				5E307EA71F6E763E000CD620 /* UINib */,
				5E307EAA1F6E763E000CD620 /* UITableView */,
				5E307EAD1F6E763E000CD620 /* UIWindow */,
				5E307ECA1F6E8A2C000CD620 /* UIView */,
			);
			path = Categories;
			sourceTree = "<group>";
		};
		5E307EA71F6E763E000CD620 /* UINib */ = {
			isa = PBXGroup;
			children = (
				5E307EA81F6E763E000CD620 /* UINib+SAPExtensions.h */,
				5E307EA91F6E763E000CD620 /* UINib+SAPExtensions.m */,
			);
			path = UINib;
			sourceTree = "<group>";
		};
		5E307EAA1F6E763E000CD620 /* UITableView */ = {
			isa = PBXGroup;
			children = (
				5E307EAB1F6E763E000CD620 /* UITableView+SAPExtensions.h */,
				5E307EAC1F6E763E000CD620 /* UITableView+SAPExtensions.m */,
			);
			path = UITableView;
			sourceTree = "<group>";
		};
		5E307EAD1F6E763E000CD620 /* UIWindow */ = {
			isa = PBXGroup;
			children = (
				5E307EAE1F6E763E000CD620 /* UIWindow+SAPExtensions.h */,
				5E307EAF1F6E763E000CD620 /* UIWindow+SAPExtensions.m */,
			);
			path = UIWindow;
			sourceTree = "<group>";
		};
		5E307EB01F6E763E000CD620 /* Models */ = {
			isa = PBXGroup;
			children = (
				5E307F221F6EDE76000CD620 /* SAPGameWorld */,
				5E435F5C1F6EFC6F000DEB70 /* SAPWorldStatus */,
			);
			path = Models;
			sourceTree = "<group>";
		};
		5E307EB11F6E763E000CD620 /* UI */ = {
			isa = PBXGroup;
			children = (
				5E307EBB1F6E784C000CD620 /* SAPLoginViewController */,
			);
			path = UI;
			sourceTree = "<group>";
		};
		5E307EBB1F6E784C000CD620 /* SAPLoginViewController */ = {
			isa = PBXGroup;
			children = (
				5E307EBC1F6E7868000CD620 /* SAPLoginViewController.h */,
				5E307EBD1F6E7868000CD620 /* SAPLoginViewController.m */,
				5E307EBE1F6E7868000CD620 /* SAPLoginViewController.xib */,
				5E435F711F6FA231000DEB70 /* SAPLoginView */,
			);
			path = SAPLoginViewController;
			sourceTree = "<group>";
		};
		5E307EC11F6E7A43000CD620 /* Classes */ = {
			isa = PBXGroup;
			children = (
				5E435F661F6F954D000DEB70 /* Protocols */,
				5E307EC21F6E7A43000CD620 /* SAPTableViewCell */,
				5E435F601F6F9497000DEB70 /* SAPActivityIndicator */,
			);
			path = Classes;
			sourceTree = "<group>";
		};
		5E307EC21F6E7A43000CD620 /* SAPTableViewCell */ = {
			isa = PBXGroup;
			children = (
				5E307EC31F6E7A43000CD620 /* SAPTableViewCell.h */,
				5E307EC41F6E7A43000CD620 /* SAPTableViewCell.m */,
			);
			path = SAPTableViewCell;
			sourceTree = "<group>";
		};
		5E307ECA1F6E8A2C000CD620 /* UIView */ = {
			isa = PBXGroup;
			children = (
				5E307ECB1F6E8A2C000CD620 /* UIVeiw+IBDesignable */,
			);
			path = UIView;
			sourceTree = "<group>";
		};
		5E307ECB1F6E8A2C000CD620 /* UIVeiw+IBDesignable */ = {
			isa = PBXGroup;
			children = (
				5E307ECC1F6E8A2C000CD620 /* UIView+IBDesignable.h */,
				5E307ECD1F6E8A2C000CD620 /* UIView+IBDesignable.m */,
			);
			path = "UIVeiw+IBDesignable";
			sourceTree = "<group>";
		};
		5E307ED31F6E8D21000CD620 /* SAPLoginContext */ = {
			isa = PBXGroup;
			children = (
				5E307ED51F6E8D82000CD620 /* SAPLoginContext.h */,
				5E307ED61F6E8D82000CD620 /* SAPLoginContext.m */,
			);
			path = SAPLoginContext;
			sourceTree = "<group>";
		};
		5E307ED41F6E8D56000CD620 /* Network */ = {
			isa = PBXGroup;
			children = (
				5E307ED81F6E8DB6000CD620 /* SAPNetworkManager */,
			);
			path = Network;
			sourceTree = "<group>";
		};
		5E307ED81F6E8DB6000CD620 /* SAPNetworkManager */ = {
			isa = PBXGroup;
			children = (
				5E307ED91F6E8DE7000CD620 /* SAPNetworkManager.h */,
				5E307EDA1F6E8DE7000CD620 /* SAPNetworkManager.m */,
			);
			name = SAPNetworkManager;
			path = NetworkManager;
			sourceTree = "<group>";
		};
		5E307EDD1F6E921D000CD620 /* SAPNetworkContext */ = {
			isa = PBXGroup;
			children = (
				5E307EDE1F6E922F000CD620 /* SAPNetworkContext.h */,
				5E307EDF1F6E922F000CD620 /* SAPNetworkContext.m */,
				5E307EE11F6E9AC0000CD620 /* SAPDataTaskContext */,
			);
			path = SAPNetworkContext;
			sourceTree = "<group>";
		};
		5E307EE11F6E9AC0000CD620 /* SAPDataTaskContext */ = {
			isa = PBXGroup;
			children = (
				5E307EE21F6E9AD7000CD620 /* SAPDataTaskContext.h */,
				5E307EE31F6E9AD7000CD620 /* SAPDataTaskContext.m */,
			);
			path = SAPDataTaskContext;
			sourceTree = "<group>";
		};
		5E307EE51F6E9F01000CD620 /* Functions */ = {
			isa = PBXGroup;
			children = (
				5E307EE61F6E9F01000CD620 /* SAPDispatch */,
			);
			path = Functions;
			sourceTree = "<group>";
		};
		5E307EE61F6E9F01000CD620 /* SAPDispatch */ = {
			isa = PBXGroup;
			children = (
				5E307EE71F6E9F01000CD620 /* SAPDispatch.h */,
				5E307EE81F6E9F01000CD620 /* SAPDispatch.m */,
			);
			path = SAPDispatch;
			sourceTree = "<group>";
		};
		5E307F221F6EDE76000CD620 /* SAPGameWorld */ = {
			isa = PBXGroup;
			children = (
				5E307F231F6EDE8E000CD620 /* SAPGameWorld.h */,
				5E307F241F6EDE8E000CD620 /* SAPGameWorld.m */,
			);
			path = SAPGameWorld;
			sourceTree = "<group>";
		};
		5E307F3E1F6EE3EE000CD620 /* JSONModel */ = {
			isa = PBXGroup;
			children = (
				5E307F3F1F6EE3EE000CD620 /* Info.plist */,
				5E307F401F6EE3EE000CD620 /* JSONModel */,
				5E307F471F6EE3EE000CD620 /* JSONModel.modulemap */,
				5E307F481F6EE3EE000CD620 /* JSONModelLib.h */,
				5E307F491F6EE3EE000CD620 /* JSONModelNetworking */,
				5E307F501F6EE3EE000CD620 /* JSONModelTransformations */,
			);
			path = JSONModel;
			sourceTree = "<group>";
		};
		5E307F401F6EE3EE000CD620 /* JSONModel */ = {
			isa = PBXGroup;
			children = (
				5E307F411F6EE3EE000CD620 /* JSONModel.h */,
				5E307F421F6EE3EE000CD620 /* JSONModel.m */,
				5E307F431F6EE3EE000CD620 /* JSONModelClassProperty.h */,
				5E307F441F6EE3EE000CD620 /* JSONModelClassProperty.m */,
				5E307F451F6EE3EE000CD620 /* JSONModelError.h */,
				5E307F461F6EE3EE000CD620 /* JSONModelError.m */,
			);
			path = JSONModel;
			sourceTree = "<group>";
		};
		5E307F491F6EE3EE000CD620 /* JSONModelNetworking */ = {
			isa = PBXGroup;
			children = (
				5E307F4A1F6EE3EE000CD620 /* JSONAPI.h */,
				5E307F4B1F6EE3EE000CD620 /* JSONAPI.m */,
				5E307F4C1F6EE3EE000CD620 /* JSONHTTPClient.h */,
				5E307F4D1F6EE3EE000CD620 /* JSONHTTPClient.m */,
				5E307F4E1F6EE3EE000CD620 /* JSONModel+networking.h */,
				5E307F4F1F6EE3EE000CD620 /* JSONModel+networking.m */,
			);
			path = JSONModelNetworking;
			sourceTree = "<group>";
		};
		5E307F501F6EE3EE000CD620 /* JSONModelTransformations */ = {
			isa = PBXGroup;
			children = (
				5E307F511F6EE3EE000CD620 /* JSONKeyMapper.h */,
				5E307F521F6EE3EE000CD620 /* JSONKeyMapper.m */,
				5E307F531F6EE3EE000CD620 /* JSONValueTransformer.h */,
				5E307F541F6EE3EE000CD620 /* JSONValueTransformer.m */,
			);
			path = JSONModelTransformations;
			sourceTree = "<group>";
		};
		5E435F5C1F6EFC6F000DEB70 /* SAPWorldStatus */ = {
			isa = PBXGroup;
			children = (
				5E435F5D1F6EFC91000DEB70 /* SAPWorldStatus.h */,
				5E435F5E1F6EFC91000DEB70 /* SAPWorldStatus.m */,
			);
			path = SAPWorldStatus;
			sourceTree = "<group>";
		};
		5E435F601F6F9497000DEB70 /* SAPActivityIndicator */ = {
			isa = PBXGroup;
			children = (
				5E435F611F6F9497000DEB70 /* SAPActivityIndicator.h */,
				5E435F621F6F9497000DEB70 /* SAPActivityIndicator.m */,
				5E435F631F6F9497000DEB70 /* SAPActivityIndicator.xib */,
			);
			path = SAPActivityIndicator;
			sourceTree = "<group>";
		};
		5E435F661F6F954D000DEB70 /* Protocols */ = {
			isa = PBXGroup;
			children = (
				5E435F671F6F954D000DEB70 /* SAPLoadingView.h */,
				5E435F751F6FA297000DEB70 /* SAPView.h */,
				5E435F761F6FA2C7000DEB70 /* SAPViewWithLoadingView.h */,
			);
			name = Protocols;
			path = Source/Library/Protocols;
			sourceTree = SOURCE_ROOT;
		};
		5E435F691F6F9C1F000DEB70 /* UIAlertAction */ = {
			isa = PBXGroup;
			children = (
				5E435F6A1F6F9C1F000DEB70 /* UIAlertAction+SAPExtensions.h */,
				5E435F6B1F6F9C1F000DEB70 /* UIAlertAction+SAPExtensions.m */,
			);
			path = UIAlertAction;
			sourceTree = "<group>";
		};
		5E435F6C1F6F9C1F000DEB70 /* UIAlertController */ = {
			isa = PBXGroup;
			children = (
				5E435F6D1F6F9C1F000DEB70 /* UIAlertController+SAPExtensions.h */,
				5E435F6E1F6F9C1F000DEB70 /* UIAlertController+SAPExtensions.m */,
			);
			path = UIAlertController;
			sourceTree = "<group>";
		};
		5E435F711F6FA231000DEB70 /* SAPLoginView */ = {
			isa = PBXGroup;
			children = (
				5E435F721F6FA260000DEB70 /* SAPLoginView.h */,
				5E435F731F6FA260000DEB70 /* SAPLoginView.m */,
			);
			path = SAPLoginView;
			sourceTree = "<group>";
		};
		5E435F771F6FA874000DEB70 /* Macros */ = {
			isa = PBXGroup;
			children = (
				5E435F781F6FA874000DEB70 /* SAPViewControllerMacro.h */,
			);
			name = Macros;
			path = ../Macros;
			sourceTree = "<group>";
		};
/* End PBXGroup section */

/* Begin PBXNativeTarget section */
		5E307E861F6E7258000CD620 /* LoginGameWorldsTest */ = {
			isa = PBXNativeTarget;
			buildConfigurationList = 5E307E9E1F6E7258000CD620 /* Build configuration list for PBXNativeTarget "LoginGameWorldsTest" */;
			buildPhases = (
				5E307E831F6E7258000CD620 /* Sources */,
				5E307E841F6E7258000CD620 /* Frameworks */,
				5E307E851F6E7258000CD620 /* Resources */,
			);
			buildRules = (
			);
			dependencies = (
			);
			name = LoginGameWorldsTest;
			productName = LoginGameWorldsTest;
			productReference = 5E307E871F6E7258000CD620 /* LoginGameWorldsTest.app */;
			productType = "com.apple.product-type.application";
		};
/* End PBXNativeTarget section */

/* Begin PBXProject section */
		5E307E7F1F6E7258000CD620 /* Project object */ = {
			isa = PBXProject;
			attributes = {
				CLASSPREFIX = SAP;
				LastUpgradeCheck = 0830;
				ORGANIZATIONNAME = SAP;
				TargetAttributes = {
					5E307E861F6E7258000CD620 = {
						CreatedOnToolsVersion = 8.3.3;
						DevelopmentTeam = 82RN25AVX5;
						ProvisioningStyle = Automatic;
					};
				};
			};
			buildConfigurationList = 5E307E821F6E7258000CD620 /* Build configuration list for PBXProject "LoginGameWorldsTest" */;
			compatibilityVersion = "Xcode 3.2";
			developmentRegion = English;
			hasScannedForEncodings = 0;
			knownRegions = (
				en,
				Base,
			);
			mainGroup = 5E307E7E1F6E7258000CD620;
			productRefGroup = 5E307E881F6E7258000CD620 /* Products */;
			projectDirPath = "";
			projectRoot = "";
			targets = (
				5E307E861F6E7258000CD620 /* LoginGameWorldsTest */,
			);
		};
/* End PBXProject section */

/* Begin PBXResourcesBuildPhase section */
		5E307E851F6E7258000CD620 /* Resources */ = {
			isa = PBXResourcesBuildPhase;
			buildActionMask = 2147483647;
			files = (
				5E307F551F6EE3EE000CD620 /* Info.plist in Resources */,
				5E307EB21F6E763E000CD620 /* Assets.xcassets in Resources */,
				5E307EC01F6E7868000CD620 /* SAPLoginViewController.xib in Resources */,
				5E307E9A1F6E7258000CD620 /* LaunchScreen.storyboard in Resources */,
				5E435F651F6F9497000DEB70 /* SAPActivityIndicator.xib in Resources */,
			);
			runOnlyForDeploymentPostprocessing = 0;
		};
/* End PBXResourcesBuildPhase section */

/* Begin PBXSourcesBuildPhase section */
		5E307E831F6E7258000CD620 /* Sources */ = {
			isa = PBXSourcesBuildPhase;
			buildActionMask = 2147483647;
			files = (
				5E307E8F1F6E7258000CD620 /* AppDelegate.m in Sources */,
				5E307EB31F6E763E000CD620 /* UINib+SAPExtensions.m in Sources */,
				5E435F5F1F6EFC91000DEB70 /* SAPWorldStatus.m in Sources */,
				5E435F701F6F9C1F000DEB70 /* UIAlertController+SAPExtensions.m in Sources */,
				5E307F591F6EE3EE000CD620 /* JSONAPI.m in Sources */,
				5E307EB41F6E763E000CD620 /* UITableView+SAPExtensions.m in Sources */,
				5E307EC51F6E7A43000CD620 /* SAPTableViewCell.m in Sources */,
				5E307EBF1F6E7868000CD620 /* SAPLoginViewController.m in Sources */,
				5E435F641F6F9497000DEB70 /* SAPActivityIndicator.m in Sources */,
				5E435F6F1F6F9C1F000DEB70 /* UIAlertAction+SAPExtensions.m in Sources */,
				5E307EE41F6E9AD7000CD620 /* SAPDataTaskContext.m in Sources */,
				5E307F5B1F6EE3EE000CD620 /* JSONModel+networking.m in Sources */,
				5E307ECE1F6E8A2C000CD620 /* UIView+IBDesignable.m in Sources */,
				5E307EB51F6E763E000CD620 /* UIWindow+SAPExtensions.m in Sources */,
				5E307EE91F6E9F01000CD620 /* SAPDispatch.m in Sources */,
				5E307F581F6EE3EE000CD620 /* JSONModelError.m in Sources */,
				5E307F5A1F6EE3EE000CD620 /* JSONHTTPClient.m in Sources */,
				5E307F571F6EE3EE000CD620 /* JSONModelClassProperty.m in Sources */,
				5E307F561F6EE3EE000CD620 /* JSONModel.m in Sources */,
				5E307EE01F6E922F000CD620 /* SAPNetworkContext.m in Sources */,
				5E307E8C1F6E7258000CD620 /* main.m in Sources */,
				5E307F5D1F6EE3EE000CD620 /* JSONValueTransformer.m in Sources */,
				5E307ED71F6E8D82000CD620 /* SAPLoginContext.m in Sources */,
				5E307F5C1F6EE3EE000CD620 /* JSONKeyMapper.m in Sources */,
				5E435F741F6FA260000DEB70 /* SAPLoginView.m in Sources */,
				5E307EDB1F6E8DE7000CD620 /* SAPNetworkManager.m in Sources */,
				5E307F251F6EDE8E000CD620 /* SAPGameWorld.m in Sources */,
			);
			runOnlyForDeploymentPostprocessing = 0;
		};
/* End PBXSourcesBuildPhase section */

/* Begin PBXVariantGroup section */
		5E307E981F6E7258000CD620 /* LaunchScreen.storyboard */ = {
			isa = PBXVariantGroup;
			children = (
				5E307E991F6E7258000CD620 /* Base */,
			);
			name = LaunchScreen.storyboard;
			sourceTree = "<group>";
		};
/* End PBXVariantGroup section */

/* Begin XCBuildConfiguration section */
		5E307E9C1F6E7258000CD620 /* Debug */ = {
			isa = XCBuildConfiguration;
			buildSettings = {
				ALWAYS_SEARCH_USER_PATHS = NO;
				CLANG_ANALYZER_NONNULL = YES;
				CLANG_ANALYZER_NUMBER_OBJECT_CONVERSION = YES_AGGRESSIVE;
				CLANG_CXX_LANGUAGE_STANDARD = "gnu++0x";
				CLANG_CXX_LIBRARY = "libc++";
				CLANG_ENABLE_MODULES = YES;
				CLANG_ENABLE_OBJC_ARC = YES;
				CLANG_WARN_BOOL_CONVERSION = YES;
				CLANG_WARN_CONSTANT_CONVERSION = YES;
				CLANG_WARN_DIRECT_OBJC_ISA_USAGE = YES_ERROR;
				CLANG_WARN_DOCUMENTATION_COMMENTS = YES;
				CLANG_WARN_EMPTY_BODY = YES;
				CLANG_WARN_ENUM_CONVERSION = YES;
				CLANG_WARN_INFINITE_RECURSION = YES;
				CLANG_WARN_INT_CONVERSION = YES;
				CLANG_WARN_OBJC_ROOT_CLASS = YES_ERROR;
				CLANG_WARN_SUSPICIOUS_MOVE = YES;
				CLANG_WARN_UNREACHABLE_CODE = YES;
				CLANG_WARN__DUPLICATE_METHOD_MATCH = YES;
				"CODE_SIGN_IDENTITY[sdk=iphoneos*]" = "iPhone Developer";
				COPY_PHASE_STRIP = NO;
				DEBUG_INFORMATION_FORMAT = dwarf;
				ENABLE_STRICT_OBJC_MSGSEND = YES;
				ENABLE_TESTABILITY = YES;
				GCC_C_LANGUAGE_STANDARD = gnu99;
				GCC_DYNAMIC_NO_PIC = NO;
				GCC_NO_COMMON_BLOCKS = YES;
				GCC_OPTIMIZATION_LEVEL = 0;
				GCC_PREPROCESSOR_DEFINITIONS = (
					"DEBUG=1",
					"$(inherited)",
				);
				GCC_WARN_64_TO_32_BIT_CONVERSION = YES;
				GCC_WARN_ABOUT_RETURN_TYPE = YES_ERROR;
				GCC_WARN_UNDECLARED_SELECTOR = YES;
				GCC_WARN_UNINITIALIZED_AUTOS = YES_AGGRESSIVE;
				GCC_WARN_UNUSED_FUNCTION = YES;
				GCC_WARN_UNUSED_VARIABLE = YES;
				IPHONEOS_DEPLOYMENT_TARGET = 10.3;
				MTL_ENABLE_DEBUG_INFO = YES;
				ONLY_ACTIVE_ARCH = YES;
				SDKROOT = iphoneos;
				TARGETED_DEVICE_FAMILY = "1,2";
			};
			name = Debug;
		};
		5E307E9D1F6E7258000CD620 /* Release */ = {
			isa = XCBuildConfiguration;
			buildSettings = {
				ALWAYS_SEARCH_USER_PATHS = NO;
				CLANG_ANALYZER_NONNULL = YES;
				CLANG_ANALYZER_NUMBER_OBJECT_CONVERSION = YES_AGGRESSIVE;
				CLANG_CXX_LANGUAGE_STANDARD = "gnu++0x";
				CLANG_CXX_LIBRARY = "libc++";
				CLANG_ENABLE_MODULES = YES;
				CLANG_ENABLE_OBJC_ARC = YES;
				CLANG_WARN_BOOL_CONVERSION = YES;
				CLANG_WARN_CONSTANT_CONVERSION = YES;
				CLANG_WARN_DIRECT_OBJC_ISA_USAGE = YES_ERROR;
				CLANG_WARN_DOCUMENTATION_COMMENTS = YES;
				CLANG_WARN_EMPTY_BODY = YES;
				CLANG_WARN_ENUM_CONVERSION = YES;
				CLANG_WARN_INFINITE_RECURSION = YES;
				CLANG_WARN_INT_CONVERSION = YES;
				CLANG_WARN_OBJC_ROOT_CLASS = YES_ERROR;
				CLANG_WARN_SUSPICIOUS_MOVE = YES;
				CLANG_WARN_UNREACHABLE_CODE = YES;
				CLANG_WARN__DUPLICATE_METHOD_MATCH = YES;
				"CODE_SIGN_IDENTITY[sdk=iphoneos*]" = "iPhone Developer";
				COPY_PHASE_STRIP = NO;
				DEBUG_INFORMATION_FORMAT = "dwarf-with-dsym";
				ENABLE_NS_ASSERTIONS = NO;
				ENABLE_STRICT_OBJC_MSGSEND = YES;
				GCC_C_LANGUAGE_STANDARD = gnu99;
				GCC_NO_COMMON_BLOCKS = YES;
				GCC_WARN_64_TO_32_BIT_CONVERSION = YES;
				GCC_WARN_ABOUT_RETURN_TYPE = YES_ERROR;
				GCC_WARN_UNDECLARED_SELECTOR = YES;
				GCC_WARN_UNINITIALIZED_AUTOS = YES_AGGRESSIVE;
				GCC_WARN_UNUSED_FUNCTION = YES;
				GCC_WARN_UNUSED_VARIABLE = YES;
				IPHONEOS_DEPLOYMENT_TARGET = 10.3;
				MTL_ENABLE_DEBUG_INFO = NO;
				SDKROOT = iphoneos;
				TARGETED_DEVICE_FAMILY = "1,2";
				VALIDATE_PRODUCT = YES;
			};
			name = Release;
		};
		5E307E9F1F6E7258000CD620 /* Debug */ = {
			isa = XCBuildConfiguration;
			buildSettings = {
				ASSETCATALOG_COMPILER_APPICON_NAME = AppIcon;
				DEVELOPMENT_TEAM = 82RN25AVX5;
				INFOPLIST_FILE = LoginGameWorldsTest/Info.plist;
				LD_RUNPATH_SEARCH_PATHS = "$(inherited) @executable_path/Frameworks";
				PRODUCT_BUNDLE_IDENTIFIER = SAP.LoginGameWorldsTest;
				PRODUCT_NAME = "$(TARGET_NAME)";
			};
			name = Debug;
		};
		5E307EA01F6E7258000CD620 /* Release */ = {
			isa = XCBuildConfiguration;
			buildSettings = {
				ASSETCATALOG_COMPILER_APPICON_NAME = AppIcon;
				DEVELOPMENT_TEAM = 82RN25AVX5;
				INFOPLIST_FILE = LoginGameWorldsTest/Info.plist;
				LD_RUNPATH_SEARCH_PATHS = "$(inherited) @executable_path/Frameworks";
				PRODUCT_BUNDLE_IDENTIFIER = SAP.LoginGameWorldsTest;
				PRODUCT_NAME = "$(TARGET_NAME)";
			};
			name = Release;
		};
/* End XCBuildConfiguration section */

/* Begin XCConfigurationList section */
		5E307E821F6E7258000CD620 /* Build configuration list for PBXProject "LoginGameWorldsTest" */ = {
			isa = XCConfigurationList;
			buildConfigurations = (
				5E307E9C1F6E7258000CD620 /* Debug */,
				5E307E9D1F6E7258000CD620 /* Release */,
			);
			defaultConfigurationIsVisible = 0;
			defaultConfigurationName = Release;
		};
		5E307E9E1F6E7258000CD620 /* Build configuration list for PBXNativeTarget "LoginGameWorldsTest" */ = {
			isa = XCConfigurationList;
			buildConfigurations = (
				5E307E9F1F6E7258000CD620 /* Debug */,
				5E307EA01F6E7258000CD620 /* Release */,
			);
			defaultConfigurationIsVisible = 0;
			defaultConfigurationName = Release;
		};
/* End XCConfigurationList section */
	};
	rootObject = 5E307E7F1F6E7258000CD620 /* Project object */;
}
