// !$*UTF8*$!
{
	archiveVersion = 1;
	classes = {
	};
	objectVersion = 46;
	objects = {

/* Begin PBXBuildFile section */
		5E307E8C1F6E7258000CD620 /* main.m in Sources */ = {isa = PBXBuildFile; fileRef = 5E307E8B1F6E7258000CD620 /* main.m */; };
		5E307E8F1F6E7258000CD620 /* AppDelegate.m in Sources */ = {isa = PBXBuildFile; fileRef = 5E307E8E1F6E7258000CD620 /* AppDelegate.m */; };
		5E307E9A1F6E7258000CD620 /* LaunchScreen.storyboard in Resources */ = {isa = PBXBuildFile; fileRef = 5E307E981F6E7258000CD620 /* LaunchScreen.storyboard */; };
		5E307EB21F6E763E000CD620 /* Assets.xcassets in Resources */ = {isa = PBXBuildFile; fileRef = 5E307EA21F6E763E000CD620 /* Assets.xcassets */; };
		5E307EB31F6E763E000CD620 /* UINib+SAPExtensions.m in Sources */ = {isa = PBXBuildFile; fileRef = 5E307EA91F6E763E000CD620 /* UINib+SAPExtensions.m */; };
		5E307EB41F6E763E000CD620 /* UITableView+SAPExtensions.m in Sources */ = {isa = PBXBuildFile; fileRef = 5E307EAC1F6E763E000CD620 /* UITableView+SAPExtensions.m */; };
		5E307EB51F6E763E000CD620 /* UIWindow+SAPExtensions.m in Sources */ = {isa = PBXBuildFile; fileRef = 5E307EAF1F6E763E000CD620 /* UIWindow+SAPExtensions.m */; };
		5E307EBF1F6E7868000CD620 /* SAPLoginViewController.m in Sources */ = {isa = PBXBuildFile; fileRef = 5E307EBD1F6E7868000CD620 /* SAPLoginViewController.m */; };
		5E307EC01F6E7868000CD620 /* SAPLoginViewController.xib in Resources */ = {isa = PBXBuildFile; fileRef = 5E307EBE1F6E7868000CD620 /* SAPLoginViewController.xib */; };
		5E307EC51F6E7A43000CD620 /* SAPTableViewCell.m in Sources */ = {isa = PBXBuildFile; fileRef = 5E307EC41F6E7A43000CD620 /* SAPTableViewCell.m */; };
		5E307ECE1F6E8A2C000CD620 /* UIView+IBDesignable.m in Sources */ = {isa = PBXBuildFile; fileRef = 5E307ECD1F6E8A2C000CD620 /* UIView+IBDesignable.m */; };
		5E307ED71F6E8D82000CD620 /* SAPLoginContext.m in Sources */ = {isa = PBXBuildFile; fileRef = 5E307ED61F6E8D82000CD620 /* SAPLoginContext.m */; };
		5E307EDB1F6E8DE7000CD620 /* SAPNetworkManager.m in Sources */ = {isa = PBXBuildFile; fileRef = 5E307EDA1F6E8DE7000CD620 /* SAPNetworkManager.m */; };
		5E307EE01F6E922F000CD620 /* SAPNetworkContext.m in Sources */ = {isa = PBXBuildFile; fileRef = 5E307EDF1F6E922F000CD620 /* SAPNetworkContext.m */; };
/* End PBXBuildFile section */

/* Begin PBXFileReference section */
		5E307E871F6E7258000CD620 /* LoginGameWorldsTest.app */ = {isa = PBXFileReference; explicitFileType = wrapper.application; includeInIndex = 0; path = LoginGameWorldsTest.app; sourceTree = BUILT_PRODUCTS_DIR; };
		5E307E8B1F6E7258000CD620 /* main.m */ = {isa = PBXFileReference; lastKnownFileType = sourcecode.c.objc; path = main.m; sourceTree = "<group>"; };
		5E307E8D1F6E7258000CD620 /* AppDelegate.h */ = {isa = PBXFileReference; lastKnownFileType = sourcecode.c.h; path = AppDelegate.h; sourceTree = "<group>"; };
		5E307E8E1F6E7258000CD620 /* AppDelegate.m */ = {isa = PBXFileReference; lastKnownFileType = sourcecode.c.objc; path = AppDelegate.m; sourceTree = "<group>"; };
		5E307E991F6E7258000CD620 /* Base */ = {isa = PBXFileReference; lastKnownFileType = file.storyboard; name = Base; path = Base.lproj/LaunchScreen.storyboard; sourceTree = "<group>"; };
		5E307E9B1F6E7258000CD620 /* Info.plist */ = {isa = PBXFileReference; lastKnownFileType = text.plist.xml; path = Info.plist; sourceTree = "<group>"; };
		5E307EA21F6E763E000CD620 /* Assets.xcassets */ = {isa = PBXFileReference; lastKnownFileType = folder.assetcatalog; path = Assets.xcassets; sourceTree = "<group>"; };
		5E307EA81F6E763E000CD620 /* UINib+SAPExtensions.h */ = {isa = PBXFileReference; fileEncoding = 4; lastKnownFileType = sourcecode.c.h; path = "UINib+SAPExtensions.h"; sourceTree = "<group>"; };
		5E307EA91F6E763E000CD620 /* UINib+SAPExtensions.m */ = {isa = PBXFileReference; fileEncoding = 4; lastKnownFileType = sourcecode.c.objc; path = "UINib+SAPExtensions.m"; sourceTree = "<group>"; };
		5E307EAB1F6E763E000CD620 /* UITableView+SAPExtensions.h */ = {isa = PBXFileReference; fileEncoding = 4; lastKnownFileType = sourcecode.c.h; path = "UITableView+SAPExtensions.h"; sourceTree = "<group>"; };
		5E307EAC1F6E763E000CD620 /* UITableView+SAPExtensions.m */ = {isa = PBXFileReference; fileEncoding = 4; lastKnownFileType = sourcecode.c.objc; path = "UITableView+SAPExtensions.m"; sourceTree = "<group>"; };
		5E307EAE1F6E763E000CD620 /* UIWindow+SAPExtensions.h */ = {isa = PBXFileReference; fileEncoding = 4; lastKnownFileType = sourcecode.c.h; path = "UIWindow+SAPExtensions.h"; sourceTree = "<group>"; };
		5E307EAF1F6E763E000CD620 /* UIWindow+SAPExtensions.m */ = {isa = PBXFileReference; fileEncoding = 4; lastKnownFileType = sourcecode.c.objc; path = "UIWindow+SAPExtensions.m"; sourceTree = "<group>"; };
		5E307EBC1F6E7868000CD620 /* SAPLoginViewController.h */ = {isa = PBXFileReference; fileEncoding = 4; lastKnownFileType = sourcecode.c.h; path = SAPLoginViewController.h; sourceTree = "<group>"; };
		5E307EBD1F6E7868000CD620 /* SAPLoginViewController.m */ = {isa = PBXFileReference; fileEncoding = 4; lastKnownFileType = sourcecode.c.objc; path = SAPLoginViewController.m; sourceTree = "<group>"; };
		5E307EBE1F6E7868000CD620 /* SAPLoginViewController.xib */ = {isa = PBXFileReference; fileEncoding = 4; lastKnownFileType = file.xib; path = SAPLoginViewController.xib; sourceTree = "<group>"; };
		5E307EC31F6E7A43000CD620 /* SAPTableViewCell.h */ = {isa = PBXFileReference; fileEncoding = 4; lastKnownFileType = sourcecode.c.h; path = SAPTableViewCell.h; sourceTree = "<group>"; };
		5E307EC41F6E7A43000CD620 /* SAPTableViewCell.m */ = {isa = PBXFileReference; fileEncoding = 4; lastKnownFileType = sourcecode.c.objc; path = SAPTableViewCell.m; sourceTree = "<group>"; };
		5E307ECC1F6E8A2C000CD620 /* UIView+IBDesignable.h */ = {isa = PBXFileReference; fileEncoding = 4; lastKnownFileType = sourcecode.c.h; path = "UIView+IBDesignable.h"; sourceTree = "<group>"; };
		5E307ECD1F6E8A2C000CD620 /* UIView+IBDesignable.m */ = {isa = PBXFileReference; fileEncoding = 4; lastKnownFileType = sourcecode.c.objc; path = "UIView+IBDesignable.m"; sourceTree = "<group>"; };
		5E307ED51F6E8D82000CD620 /* SAPLoginContext.h */ = {isa = PBXFileReference; fileEncoding = 4; lastKnownFileType = sourcecode.c.h; path = SAPLoginContext.h; sourceTree = "<group>"; };
		5E307ED61F6E8D82000CD620 /* SAPLoginContext.m */ = {isa = PBXFileReference; fileEncoding = 4; lastKnownFileType = sourcecode.c.objc; path = SAPLoginContext.m; sourceTree = "<group>"; };
		5E307ED91F6E8DE7000CD620 /* SAPNetworkManager.h */ = {isa = PBXFileReference; fileEncoding = 4; lastKnownFileType = sourcecode.c.h; path = SAPNetworkManager.h; sourceTree = "<group>"; };
		5E307EDA1F6E8DE7000CD620 /* SAPNetworkManager.m */ = {isa = PBXFileReference; fileEncoding = 4; lastKnownFileType = sourcecode.c.objc; path = SAPNetworkManager.m; sourceTree = "<group>"; };
		5E307EDC1F6E91F2000CD620 /* SAPContext.h */ = {isa = PBXFileReference; fileEncoding = 4; lastKnownFileType = sourcecode.c.h; path = SAPContext.h; sourceTree = "<group>"; };
		5E307EDE1F6E922F000CD620 /* SAPNetworkContext.h */ = {isa = PBXFileReference; fileEncoding = 4; lastKnownFileType = sourcecode.c.h; path = SAPNetworkContext.h; sourceTree = "<group>"; };
		5E307EDF1F6E922F000CD620 /* SAPNetworkContext.m */ = {isa = PBXFileReference; fileEncoding = 4; lastKnownFileType = sourcecode.c.objc; path = SAPNetworkContext.m; sourceTree = "<group>"; };
/* End PBXFileReference section */

/* Begin PBXFrameworksBuildPhase section */
		5E307E841F6E7258000CD620 /* Frameworks */ = {
			isa = PBXFrameworksBuildPhase;
			buildActionMask = 2147483647;
			files = (
			);
			runOnlyForDeploymentPostprocessing = 0;
		};
/* End PBXFrameworksBuildPhase section */

/* Begin PBXGroup section */
		5E307E7E1F6E7258000CD620 = {
			isa = PBXGroup;
			children = (
				5E307E891F6E7258000CD620 /* LoginGameWorldsTest */,
				5E307EA31F6E763E000CD620 /* Source */,
				5E307EA11F6E763E000CD620 /* Resources */,
				5E307E881F6E7258000CD620 /* Products */,
			);
			sourceTree = "<group>";
		};
		5E307E881F6E7258000CD620 /* Products */ = {
			isa = PBXGroup;
			children = (
				5E307E871F6E7258000CD620 /* LoginGameWorldsTest.app */,
			);
			name = Products;
			sourceTree = "<group>";
		};
		5E307E891F6E7258000CD620 /* LoginGameWorldsTest */ = {
			isa = PBXGroup;
			children = (
				5E307E8D1F6E7258000CD620 /* AppDelegate.h */,
				5E307E8E1F6E7258000CD620 /* AppDelegate.m */,
				5E307E981F6E7258000CD620 /* LaunchScreen.storyboard */,
				5E307E9B1F6E7258000CD620 /* Info.plist */,
				5E307E8A1F6E7258000CD620 /* Supporting Files */,
			);
			path = LoginGameWorldsTest;
			sourceTree = "<group>";
		};
		5E307E8A1F6E7258000CD620 /* Supporting Files */ = {
			isa = PBXGroup;
			children = (
				5E307E8B1F6E7258000CD620 /* main.m */,
			);
			name = "Supporting Files";
			sourceTree = "<group>";
		};
		5E307EA11F6E763E000CD620 /* Resources */ = {
			isa = PBXGroup;
			children = (
				5E307EA21F6E763E000CD620 /* Assets.xcassets */,
			);
			path = Resources;
			sourceTree = "<group>";
		};
		5E307EA31F6E763E000CD620 /* Source */ = {
			isa = PBXGroup;
			children = (
				5E307EB11F6E763E000CD620 /* UI */,
				5E307EB01F6E763E000CD620 /* Models */,
				5E307EA41F6E763E000CD620 /* Context */,
				5E307ED41F6E8D56000CD620 /* Network */,
				5E307EA51F6E763E000CD620 /* Library */,
			);
			path = Source;
			sourceTree = "<group>";
		};
		5E307EA41F6E763E000CD620 /* Context */ = {
			isa = PBXGroup;
			children = (
				5E307EDD1F6E921D000CD620 /* SAPNetworkContext */,
				5E307ED31F6E8D21000CD620 /* SAPLoginContext */,
				5E307EDC1F6E91F2000CD620 /* SAPContext.h */,
			);
			path = Context;
			sourceTree = "<group>";
		};
		5E307EA51F6E763E000CD620 /* Library */ = {
			isa = PBXGroup;
			children = (
				5E307EA61F6E763E000CD620 /* Categories */,
				5E307EC11F6E7A43000CD620 /* Classes */,
			);
			path = Library;
			sourceTree = "<group>";
		};
		5E307EA61F6E763E000CD620 /* Categories */ = {
			isa = PBXGroup;
			children = (
				5E307EA71F6E763E000CD620 /* UINib */,
				5E307EAA1F6E763E000CD620 /* UITableView */,
				5E307EAD1F6E763E000CD620 /* UIWindow */,
				5E307ECA1F6E8A2C000CD620 /* UIView */,
			);
			path = Categories;
			sourceTree = "<group>";
		};
		5E307EA71F6E763E000CD620 /* UINib */ = {
			isa = PBXGroup;
			children = (
				5E307EA81F6E763E000CD620 /* UINib+SAPExtensions.h */,
				5E307EA91F6E763E000CD620 /* UINib+SAPExtensions.m */,
			);
			path = UINib;
			sourceTree = "<group>";
		};
		5E307EAA1F6E763E000CD620 /* UITableView */ = {
			isa = PBXGroup;
			children = (
				5E307EAB1F6E763E000CD620 /* UITableView+SAPExtensions.h */,
				5E307EAC1F6E763E000CD620 /* UITableView+SAPExtensions.m */,
			);
			path = UITableView;
			sourceTree = "<group>";
		};
		5E307EAD1F6E763E000CD620 /* UIWindow */ = {
			isa = PBXGroup;
			children = (
				5E307EAE1F6E763E000CD620 /* UIWindow+SAPExtensions.h */,
				5E307EAF1F6E763E000CD620 /* UIWindow+SAPExtensions.m */,
			);
			path = UIWindow;
			sourceTree = "<group>";
		};
		5E307EB01F6E763E000CD620 /* Models */ = {
			isa = PBXGroup;
			children = (
			);
			path = Models;
			sourceTree = "<group>";
		};
		5E307EB11F6E763E000CD620 /* UI */ = {
			isa = PBXGroup;
			children = (
				5E307EBB1F6E784C000CD620 /* SAPLoginViewController */,
			);
			path = UI;
			sourceTree = "<group>";
		};
		5E307EBB1F6E784C000CD620 /* SAPLoginViewController */ = {
			isa = PBXGroup;
			children = (
				5E307EBC1F6E7868000CD620 /* SAPLoginViewController.h */,
				5E307EBD1F6E7868000CD620 /* SAPLoginViewController.m */,
				5E307EBE1F6E7868000CD620 /* SAPLoginViewController.xib */,
			);
			path = SAPLoginViewController;
			sourceTree = "<group>";
		};
		5E307EC11F6E7A43000CD620 /* Classes */ = {
			isa = PBXGroup;
			children = (
				5E307EC21F6E7A43000CD620 /* SAPTableViewCell */,
			);
			path = Classes;
			sourceTree = "<group>";
		};
		5E307EC21F6E7A43000CD620 /* SAPTableViewCell */ = {
			isa = PBXGroup;
			children = (
				5E307EC31F6E7A43000CD620 /* SAPTableViewCell.h */,
				5E307EC41F6E7A43000CD620 /* SAPTableViewCell.m */,
			);
			path = SAPTableViewCell;
			sourceTree = "<group>";
		};
		5E307ECA1F6E8A2C000CD620 /* UIView */ = {
			isa = PBXGroup;
			children = (
				5E307ECB1F6E8A2C000CD620 /* UIVeiw+IBDesignable */,
			);
			path = UIView;
			sourceTree = "<group>";
		};
		5E307ECB1F6E8A2C000CD620 /* UIVeiw+IBDesignable */ = {
			isa = PBXGroup;
			children = (
				5E307ECC1F6E8A2C000CD620 /* UIView+IBDesignable.h */,
				5E307ECD1F6E8A2C000CD620 /* UIView+IBDesignable.m */,
			);
			path = "UIVeiw+IBDesignable";
			sourceTree = "<group>";
		};
		5E307ED31F6E8D21000CD620 /* SAPLoginContext */ = {
			isa = PBXGroup;
			children = (
				5E307ED51F6E8D82000CD620 /* SAPLoginContext.h */,
				5E307ED61F6E8D82000CD620 /* SAPLoginContext.m */,
			);
			path = SAPLoginContext;
			sourceTree = "<group>";
		};
		5E307ED41F6E8D56000CD620 /* Network */ = {
			isa = PBXGroup;
			children = (
				5E307ED81F6E8DB6000CD620 /* SAPNetworkManager */,
			);
			path = Network;
			sourceTree = "<group>";
		};
		5E307ED81F6E8DB6000CD620 /* SAPNetworkManager */ = {
			isa = PBXGroup;
			children = (
				5E307ED91F6E8DE7000CD620 /* SAPNetworkManager.h */,
				5E307EDA1F6E8DE7000CD620 /* SAPNetworkManager.m */,
			);
			name = SAPNetworkManager;
			path = NetworkManager;
			sourceTree = "<group>";
		};
		5E307EDD1F6E921D000CD620 /* SAPNetworkContext */ = {
			isa = PBXGroup;
			children = (
				5E307EDE1F6E922F000CD620 /* SAPNetworkContext.h */,
				5E307EDF1F6E922F000CD620 /* SAPNetworkContext.m */,
			);
			path = SAPNetworkContext;
			sourceTree = "<group>";
		};
/* End PBXGroup section */

/* Begin PBXNativeTarget section */
		5E307E861F6E7258000CD620 /* LoginGameWorldsTest */ = {
			isa = PBXNativeTarget;
			buildConfigurationList = 5E307E9E1F6E7258000CD620 /* Build configuration list for PBXNativeTarget "LoginGameWorldsTest" */;
			buildPhases = (
				5E307E831F6E7258000CD620 /* Sources */,
				5E307E841F6E7258000CD620 /* Frameworks */,
				5E307E851F6E7258000CD620 /* Resources */,
			);
			buildRules = (
			);
			dependencies = (
			);
			name = LoginGameWorldsTest;
			productName = LoginGameWorldsTest;
			productReference = 5E307E871F6E7258000CD620 /* LoginGameWorldsTest.app */;
			productType = "com.apple.product-type.application";
		};
/* End PBXNativeTarget section */

/* Begin PBXProject section */
		5E307E7F1F6E7258000CD620 /* Project object */ = {
			isa = PBXProject;
			attributes = {
				CLASSPREFIX = SAP;
				LastUpgradeCheck = 0830;
				ORGANIZATIONNAME = SAP;
				TargetAttributes = {
					5E307E861F6E7258000CD620 = {
						CreatedOnToolsVersion = 8.3.3;
						DevelopmentTeam = 82RN25AVX5;
						ProvisioningStyle = Automatic;
					};
				};
			};
			buildConfigurationList = 5E307E821F6E7258000CD620 /* Build configuration list for PBXProject "LoginGameWorldsTest" */;
			compatibilityVersion = "Xcode 3.2";
			developmentRegion = English;
			hasScannedForEncodings = 0;
			knownRegions = (
				en,
				Base,
			);
			mainGroup = 5E307E7E1F6E7258000CD620;
			productRefGroup = 5E307E881F6E7258000CD620 /* Products */;
			projectDirPath = "";
			projectRoot = "";
			targets = (
				5E307E861F6E7258000CD620 /* LoginGameWorldsTest */,
			);
		};
/* End PBXProject section */

/* Begin PBXResourcesBuildPhase section */
		5E307E851F6E7258000CD620 /* Resources */ = {
			isa = PBXResourcesBuildPhase;
			buildActionMask = 2147483647;
			files = (
				5E307EB21F6E763E000CD620 /* Assets.xcassets in Resources */,
				5E307EC01F6E7868000CD620 /* SAPLoginViewController.xib in Resources */,
				5E307E9A1F6E7258000CD620 /* LaunchScreen.storyboard in Resources */,
			);
			runOnlyForDeploymentPostprocessing = 0;
		};
/* End PBXResourcesBuildPhase section */

/* Begin PBXSourcesBuildPhase section */
		5E307E831F6E7258000CD620 /* Sources */ = {
			isa = PBXSourcesBuildPhase;
			buildActionMask = 2147483647;
			files = (
				5E307E8F1F6E7258000CD620 /* AppDelegate.m in Sources */,
				5E307EB31F6E763E000CD620 /* UINib+SAPExtensions.m in Sources */,
				5E307EB41F6E763E000CD620 /* UITableView+SAPExtensions.m in Sources */,
				5E307EC51F6E7A43000CD620 /* SAPTableViewCell.m in Sources */,
				5E307EBF1F6E7868000CD620 /* SAPLoginViewController.m in Sources */,
				5E307ECE1F6E8A2C000CD620 /* UIView+IBDesignable.m in Sources */,
				5E307EB51F6E763E000CD620 /* UIWindow+SAPExtensions.m in Sources */,
				5E307EE01F6E922F000CD620 /* SAPNetworkContext.m in Sources */,
				5E307E8C1F6E7258000CD620 /* main.m in Sources */,
				5E307ED71F6E8D82000CD620 /* SAPLoginContext.m in Sources */,
				5E307EDB1F6E8DE7000CD620 /* SAPNetworkManager.m in Sources */,
			);
			runOnlyForDeploymentPostprocessing = 0;
		};
/* End PBXSourcesBuildPhase section */

/* Begin PBXVariantGroup section */
		5E307E981F6E7258000CD620 /* LaunchScreen.storyboard */ = {
			isa = PBXVariantGroup;
			children = (
				5E307E991F6E7258000CD620 /* Base */,
			);
			name = LaunchScreen.storyboard;
			sourceTree = "<group>";
		};
/* End PBXVariantGroup section */

/* Begin XCBuildConfiguration section */
		5E307E9C1F6E7258000CD620 /* Debug */ = {
			isa = XCBuildConfiguration;
			buildSettings = {
				ALWAYS_SEARCH_USER_PATHS = NO;
				CLANG_ANALYZER_NONNULL = YES;
				CLANG_ANALYZER_NUMBER_OBJECT_CONVERSION = YES_AGGRESSIVE;
				CLANG_CXX_LANGUAGE_STANDARD = "gnu++0x";
				CLANG_CXX_LIBRARY = "libc++";
				CLANG_ENABLE_MODULES = YES;
				CLANG_ENABLE_OBJC_ARC = YES;
				CLANG_WARN_BOOL_CONVERSION = YES;
				CLANG_WARN_CONSTANT_CONVERSION = YES;
				CLANG_WARN_DIRECT_OBJC_ISA_USAGE = YES_ERROR;
				CLANG_WARN_DOCUMENTATION_COMMENTS = YES;
				CLANG_WARN_EMPTY_BODY = YES;
				CLANG_WARN_ENUM_CONVERSION = YES;
				CLANG_WARN_INFINITE_RECURSION = YES;
				CLANG_WARN_INT_CONVERSION = YES;
				CLANG_WARN_OBJC_ROOT_CLASS = YES_ERROR;
				CLANG_WARN_SUSPICIOUS_MOVE = YES;
				CLANG_WARN_UNREACHABLE_CODE = YES;
				CLANG_WARN__DUPLICATE_METHOD_MATCH = YES;
				"CODE_SIGN_IDENTITY[sdk=iphoneos*]" = "iPhone Developer";
				COPY_PHASE_STRIP = NO;
				DEBUG_INFORMATION_FORMAT = dwarf;
				ENABLE_STRICT_OBJC_MSGSEND = YES;
				ENABLE_TESTABILITY = YES;
				GCC_C_LANGUAGE_STANDARD = gnu99;
				GCC_DYNAMIC_NO_PIC = NO;
				GCC_NO_COMMON_BLOCKS = YES;
				GCC_OPTIMIZATION_LEVEL = 0;
				GCC_PREPROCESSOR_DEFINITIONS = (
					"DEBUG=1",
					"$(inherited)",
				);
				GCC_WARN_64_TO_32_BIT_CONVERSION = YES;
				GCC_WARN_ABOUT_RETURN_TYPE = YES_ERROR;
				GCC_WARN_UNDECLARED_SELECTOR = YES;
				GCC_WARN_UNINITIALIZED_AUTOS = YES_AGGRESSIVE;
				GCC_WARN_UNUSED_FUNCTION = YES;
				GCC_WARN_UNUSED_VARIABLE = YES;
				IPHONEOS_DEPLOYMENT_TARGET = 10.3;
				MTL_ENABLE_DEBUG_INFO = YES;
				ONLY_ACTIVE_ARCH = YES;
				SDKROOT = iphoneos;
				TARGETED_DEVICE_FAMILY = "1,2";
			};
			name = Debug;
		};
		5E307E9D1F6E7258000CD620 /* Release */ = {
			isa = XCBuildConfiguration;
			buildSettings = {
				ALWAYS_SEARCH_USER_PATHS = NO;
				CLANG_ANALYZER_NONNULL = YES;
				CLANG_ANALYZER_NUMBER_OBJECT_CONVERSION = YES_AGGRESSIVE;
				CLANG_CXX_LANGUAGE_STANDARD = "gnu++0x";
				CLANG_CXX_LIBRARY = "libc++";
				CLANG_ENABLE_MODULES = YES;
				CLANG_ENABLE_OBJC_ARC = YES;
				CLANG_WARN_BOOL_CONVERSION = YES;
				CLANG_WARN_CONSTANT_CONVERSION = YES;
				CLANG_WARN_DIRECT_OBJC_ISA_USAGE = YES_ERROR;
				CLANG_WARN_DOCUMENTATION_COMMENTS = YES;
				CLANG_WARN_EMPTY_BODY = YES;
				CLANG_WARN_ENUM_CONVERSION = YES;
				CLANG_WARN_INFINITE_RECURSION = YES;
				CLANG_WARN_INT_CONVERSION = YES;
				CLANG_WARN_OBJC_ROOT_CLASS = YES_ERROR;
				CLANG_WARN_SUSPICIOUS_MOVE = YES;
				CLANG_WARN_UNREACHABLE_CODE = YES;
				CLANG_WARN__DUPLICATE_METHOD_MATCH = YES;
				"CODE_SIGN_IDENTITY[sdk=iphoneos*]" = "iPhone Developer";
				COPY_PHASE_STRIP = NO;
				DEBUG_INFORMATION_FORMAT = "dwarf-with-dsym";
				ENABLE_NS_ASSERTIONS = NO;
				ENABLE_STRICT_OBJC_MSGSEND = YES;
				GCC_C_LANGUAGE_STANDARD = gnu99;
				GCC_NO_COMMON_BLOCKS = YES;
				GCC_WARN_64_TO_32_BIT_CONVERSION = YES;
				GCC_WARN_ABOUT_RETURN_TYPE = YES_ERROR;
				GCC_WARN_UNDECLARED_SELECTOR = YES;
				GCC_WARN_UNINITIALIZED_AUTOS = YES_AGGRESSIVE;
				GCC_WARN_UNUSED_FUNCTION = YES;
				GCC_WARN_UNUSED_VARIABLE = YES;
				IPHONEOS_DEPLOYMENT_TARGET = 10.3;
				MTL_ENABLE_DEBUG_INFO = NO;
				SDKROOT = iphoneos;
				TARGETED_DEVICE_FAMILY = "1,2";
				VALIDATE_PRODUCT = YES;
			};
			name = Release;
		};
		5E307E9F1F6E7258000CD620 /* Debug */ = {
			isa = XCBuildConfiguration;
			buildSettings = {
				ASSETCATALOG_COMPILER_APPICON_NAME = AppIcon;
				DEVELOPMENT_TEAM = 82RN25AVX5;
				INFOPLIST_FILE = LoginGameWorldsTest/Info.plist;
				LD_RUNPATH_SEARCH_PATHS = "$(inherited) @executable_path/Frameworks";
				PRODUCT_BUNDLE_IDENTIFIER = SAP.LoginGameWorldsTest;
				PRODUCT_NAME = "$(TARGET_NAME)";
			};
			name = Debug;
		};
		5E307EA01F6E7258000CD620 /* Release */ = {
			isa = XCBuildConfiguration;
			buildSettings = {
				ASSETCATALOG_COMPILER_APPICON_NAME = AppIcon;
				DEVELOPMENT_TEAM = 82RN25AVX5;
				INFOPLIST_FILE = LoginGameWorldsTest/Info.plist;
				LD_RUNPATH_SEARCH_PATHS = "$(inherited) @executable_path/Frameworks";
				PRODUCT_BUNDLE_IDENTIFIER = SAP.LoginGameWorldsTest;
				PRODUCT_NAME = "$(TARGET_NAME)";
			};
			name = Release;
		};
/* End XCBuildConfiguration section */

/* Begin XCConfigurationList section */
		5E307E821F6E7258000CD620 /* Build configuration list for PBXProject "LoginGameWorldsTest" */ = {
			isa = XCConfigurationList;
			buildConfigurations = (
				5E307E9C1F6E7258000CD620 /* Debug */,
				5E307E9D1F6E7258000CD620 /* Release */,
			);
			defaultConfigurationIsVisible = 0;
			defaultConfigurationName = Release;
		};
		5E307E9E1F6E7258000CD620 /* Build configuration list for PBXNativeTarget "LoginGameWorldsTest" */ = {
			isa = XCConfigurationList;
			buildConfigurations = (
				5E307E9F1F6E7258000CD620 /* Debug */,
				5E307EA01F6E7258000CD620 /* Release */,
			);
			defaultConfigurationIsVisible = 0;
			defaultConfigurationName = Release;
		};
/* End XCConfigurationList section */
	};
	rootObject = 5E307E7F1F6E7258000CD620 /* Project object */;
}
